
Microsoft Visual Studio Solution File, Format Version 12.00
# Visual Studio Version 17
VisualStudioVersion = 17.4.33110.190
MinimumVisualStudioVersion = 10.0.40219.1
Project("{2150E333-8FDC-42A3-9474-1A3956D46DE8}") = "Services", "Services", "{E9291BAB-2186-4C19-90B6-9F0029E79125}"
EndProject
Project("{2150E333-8FDC-42A3-9474-1A3956D46DE8}") = "Catalog", "Catalog", "{BE4E9453-1F07-46DA-A5B0-D42BF90A0779}"
EndProject
Project("{9A19103F-16F7-4668-BE54-9A1E7A4F7556}") = "Catalog.Api", "Services\Catalog\Catalog.Api\Catalog.Api.csproj", "{4115C390-16C0-4956-A88A-3ED7734B00D5}"
EndProject
Project("{E53339B2-1760-4266-BCC7-CA923CBCF16C}") = "docker-compose", "docker-compose.dcproj", "{294D26F4-25D0-4FB9-9F2D-41D83C49F96E}"
EndProject
Project("{2150E333-8FDC-42A3-9474-1A3956D46DE8}") = "Basket", "Basket", "{7805DC4C-CEAC-49C8-8599-CF24F297EF67}"
EndProject
Project("{9A19103F-16F7-4668-BE54-9A1E7A4F7556}") = "Basket.Api", "Services\Basket\Basket.Api\Basket.Api.csproj", "{B8EF6C65-0571-47E4-A34E-3165800784CB}"
EndProject
Project("{2150E333-8FDC-42A3-9474-1A3956D46DE8}") = "Discount", "Discount", "{D820B54C-4144-47CA-AC7F-ABFC6B20F4A0}"
EndProject
Project("{9A19103F-16F7-4668-BE54-9A1E7A4F7556}") = "Discount.Api", "Services\Discount\Discount.Api\Discount.Api.csproj", "{04EB5B89-3994-479A-A4E0-8D2663F74D7D}"
EndProject
Project("{FAE04EC0-301F-11D3-BF4B-00C04F79EFBC}") = "Discount.Grpc", "Services\Discount\Discount.Grpc\Discount.Grpc.csproj", "{E205919E-B163-4B0F-AAA3-4651800F82DB}"
EndProject
Global
	GlobalSection(SolutionConfigurationPlatforms) = preSolution
		Debug|Any CPU = Debug|Any CPU
		Release|Any CPU = Release|Any CPU
	EndGlobalSection
	GlobalSection(ProjectConfigurationPlatforms) = postSolution
		{4115C390-16C0-4956-A88A-3ED7734B00D5}.Debug|Any CPU.ActiveCfg = Debug|Any CPU
		{4115C390-16C0-4956-A88A-3ED7734B00D5}.Debug|Any CPU.Build.0 = Debug|Any CPU
		{4115C390-16C0-4956-A88A-3ED7734B00D5}.Release|Any CPU.ActiveCfg = Release|Any CPU
		{4115C390-16C0-4956-A88A-3ED7734B00D5}.Release|Any CPU.Build.0 = Release|Any CPU
		{294D26F4-25D0-4FB9-9F2D-41D83C49F96E}.Debug|Any CPU.ActiveCfg = Debug|Any CPU
		{294D26F4-25D0-4FB9-9F2D-41D83C49F96E}.Debug|Any CPU.Build.0 = Debug|Any CPU
		{294D26F4-25D0-4FB9-9F2D-41D83C49F96E}.Release|Any CPU.ActiveCfg = Release|Any CPU
		{294D26F4-25D0-4FB9-9F2D-41D83C49F96E}.Release|Any CPU.Build.0 = Release|Any CPU
		{B8EF6C65-0571-47E4-A34E-3165800784CB}.Debug|Any CPU.ActiveCfg = Debug|Any CPU
		{B8EF6C65-0571-47E4-A34E-3165800784CB}.Debug|Any CPU.Build.0 = Debug|Any CPU
		{B8EF6C65-0571-47E4-A34E-3165800784CB}.Release|Any CPU.ActiveCfg = Release|Any CPU
		{B8EF6C65-0571-47E4-A34E-3165800784CB}.Release|Any CPU.Build.0 = Release|Any CPU
		{04EB5B89-3994-479A-A4E0-8D2663F74D7D}.Debug|Any CPU.ActiveCfg = Debug|Any CPU
		{04EB5B89-3994-479A-A4E0-8D2663F74D7D}.Debug|Any CPU.Build.0 = Debug|Any CPU
		{04EB5B89-3994-479A-A4E0-8D2663F74D7D}.Release|Any CPU.ActiveCfg = Release|Any CPU
		{04EB5B89-3994-479A-A4E0-8D2663F74D7D}.Release|Any CPU.Build.0 = Release|Any CPU
		{E205919E-B163-4B0F-AAA3-4651800F82DB}.Debug|Any CPU.ActiveCfg = Debug|Any CPU
		{E205919E-B163-4B0F-AAA3-4651800F82DB}.Debug|Any CPU.Build.0 = Debug|Any CPU
		{E205919E-B163-4B0F-AAA3-4651800F82DB}.Release|Any CPU.ActiveCfg = Release|Any CPU
		{E205919E-B163-4B0F-AAA3-4651800F82DB}.Release|Any CPU.Build.0 = Release|Any CPU
	EndGlobalSection
	GlobalSection(SolutionProperties) = preSolution
		HideSolutionNode = FALSE
	EndGlobalSection
	GlobalSection(NestedProjects) = preSolution
		{BE4E9453-1F07-46DA-A5B0-D42BF90A0779} = {E9291BAB-2186-4C19-90B6-9F0029E79125}
		{4115C390-16C0-4956-A88A-3ED7734B00D5} = {BE4E9453-1F07-46DA-A5B0-D42BF90A0779}
		{7805DC4C-CEAC-49C8-8599-CF24F297EF67} = {E9291BAB-2186-4C19-90B6-9F0029E79125}
		{B8EF6C65-0571-47E4-A34E-3165800784CB} = {7805DC4C-CEAC-49C8-8599-CF24F297EF67}
		{D820B54C-4144-47CA-AC7F-ABFC6B20F4A0} = {E9291BAB-2186-4C19-90B6-9F0029E79125}
		{04EB5B89-3994-479A-A4E0-8D2663F74D7D} = {D820B54C-4144-47CA-AC7F-ABFC6B20F4A0}
		{E205919E-B163-4B0F-AAA3-4651800F82DB} = {D820B54C-4144-47CA-AC7F-ABFC6B20F4A0}
	EndGlobalSection
	GlobalSection(ExtensibilityGlobals) = postSolution
		SolutionGuid = {79F71897-174B-4A9A-B782-0D3E40F77323}
	EndGlobalSection
EndGlobal
